
Microsoft Visual Studio Solution File, Format Version 12.00
# Visual Studio 14
VisualStudioVersion = 14.0.24720.0
MinimumVisualStudioVersion = 10.0.40219.1
Project("{FAE04EC0-301F-11D3-BF4B-00C04F79EFBC}") = "PropertyManager.Api", "PropertyManager.Api\PropertyManager.Api.csproj", "{D0BEAFB1-9C01-4DCE-842E-D178D3C93572}"
EndProject
Project("{E24C65DC-7377-472B-9ABA-BC803B73C61A}") = "PropertyManager.Web", "..\PropertyManager.Web\", "{9366FD20-65AB-48F8-A322-DB24F6FE9E96}"
	ProjectSection(WebsiteProperties) = preProject
		TargetFrameworkMoniker = ".NETFramework,Version%3Dv4.5.2"
		Debug.AspNetCompiler.VirtualPath = "/localhost_59613"
		Debug.AspNetCompiler.PhysicalPath = "..\PropertyManager.Web\"
		Debug.AspNetCompiler.TargetPath = "PrecompiledWeb\localhost_59613\"
		Debug.AspNetCompiler.Updateable = "true"
		Debug.AspNetCompiler.ForceOverwrite = "true"
		Debug.AspNetCompiler.FixedNames = "false"
		Debug.AspNetCompiler.Debug = "True"
		Release.AspNetCompiler.VirtualPath = "/localhost_59613"
		Release.AspNetCompiler.PhysicalPath = "..\PropertyManager.Web\"
		Release.AspNetCompiler.TargetPath = "PrecompiledWeb\localhost_59613\"
		Release.AspNetCompiler.Updateable = "true"
		Release.AspNetCompiler.ForceOverwrite = "true"
		Release.AspNetCompiler.FixedNames = "false"
		Release.AspNetCompiler.Debug = "False"
		VWDPort = "59613"
	EndProjectSection
EndProject
Global
	GlobalSection(SolutionConfigurationPlatforms) = preSolution
		Debug|Any CPU = Debug|Any CPU
		Release|Any CPU = Release|Any CPU
	EndGlobalSection
	GlobalSection(ProjectConfigurationPlatforms) = postSolution
		{D0BEAFB1-9C01-4DCE-842E-D178D3C93572}.Debug|Any CPU.ActiveCfg = Debug|Any CPU
		{D0BEAFB1-9C01-4DCE-842E-D178D3C93572}.Debug|Any CPU.Build.0 = Debug|Any CPU
		{D0BEAFB1-9C01-4DCE-842E-D178D3C93572}.Release|Any CPU.ActiveCfg = Release|Any CPU
		{D0BEAFB1-9C01-4DCE-842E-D178D3C93572}.Release|Any CPU.Build.0 = Release|Any CPU
		{9366FD20-65AB-48F8-A322-DB24F6FE9E96}.Debug|Any CPU.ActiveCfg = Debug|Any CPU
		{9366FD20-65AB-48F8-A322-DB24F6FE9E96}.Debug|Any CPU.Build.0 = Debug|Any CPU
		{9366FD20-65AB-48F8-A322-DB24F6FE9E96}.Release|Any CPU.ActiveCfg = Debug|Any CPU
		{9366FD20-65AB-48F8-A322-DB24F6FE9E96}.Release|Any CPU.Build.0 = Debug|Any CPU
	EndGlobalSection
	GlobalSection(SolutionProperties) = preSolution
		HideSolutionNode = FALSE
	EndGlobalSection
EndGlobal
